{
  "name": "exercicio_1",
  "version": "1.0.0",
  "lockfileVersion": 1,
  "requires": true,
  "dependencies": {
    "reedux": {
      "version": "0.1.3",
      "resolved": "https://registry.npmjs.org/reedux/-/reedux-0.1.3.tgz",
      "integrity": "sha512-Rw1gtF5mplQ7oePe5MgsC2VhbvYGCWZNY7v2CO3ujMq7qwOPvJNn3ohT4dbcicoHIoXnDDuF0Ihx8hgwUEsppQ=="
    }
  }
}
